{
  "name": "stark-osc",
  "version": "0.1.0",
  "lockfileVersion": 2,
  "requires": true,
  "packages": {
    "": {
      "name": "stark-osc",
      "version": "0.1.0",
      "license": "ISC",
      "dependencies": {
        "osc-js": "^2.4.0",
        "strongly-typed-events": "^3.0.8"
      }
    },
    "node_modules/osc-js": {
      "version": "2.4.0",
      "resolved": "https://registry.npmjs.org/osc-js/-/osc-js-2.4.0.tgz",
      "integrity": "sha512-9cvB8m6zt/iCsmeDdFJaD4mjC8preB1Gio+NVmjT0S3qxiejTfJ8vGudyTQciL9yqQHEuINNYS5Kb94+Ceqekg==",
      "dependencies": {
        "ws": "^8.9.0"
      }
    },
    "node_modules/ste-core": {
      "version": "3.0.8",
      "resolved": "https://registry.npmjs.org/ste-core/-/ste-core-3.0.8.tgz",
      "integrity": "sha512-OnJfg9CvvZw1kX64sNOTw9UwgygH/29e96ZKQudBMmmxsQvYSFxlYZXDov++agkOFx7KLDaII9J1LrvTZjPikA==",
      "engines": {
        "node": ">=4.2.4"
      }
    },
    "node_modules/ste-events": {
      "version": "3.0.8",
      "resolved": "https://registry.npmjs.org/ste-events/-/ste-events-3.0.8.tgz",
      "integrity": "sha512-ghTMQaJ2ZudE7LItj+hcq3xn2RVF1047nTkkrsue5pEJNGEVXdnNWwWWGhmXc8eV6QgvuQFT/BKHCa3RPETHmA==",
      "dependencies": {
        "ste-core": "^3.0.8"
      },
      "engines": {
        "node": ">=4.2.4"
      }
    },
    "node_modules/ste-promise-events": {
      "version": "3.0.8",
      "resolved": "https://registry.npmjs.org/ste-promise-events/-/ste-promise-events-3.0.8.tgz",
      "integrity": "sha512-R3YOBv4yGFWcLs5tjI8nqe4irroZSmUNQufLGsNTX2rCi20N5DKqT3VYjlS1E94CZkaHg22WoVj+ZaGkNRpErg==",
      "dependencies": {
        "ste-core": "^3.0.8"
      },
      "engines": {
        "node": ">=4.2.4"
      }
    },
    "node_modules/ste-promise-signals": {
      "version": "3.0.8",
      "resolved": "https://registry.npmjs.org/ste-promise-signals/-/ste-promise-signals-3.0.8.tgz",
      "integrity": "sha512-iUoJoYUOXrkPcPldxF1tYzpwOyqjyGTqIlUi5WHhXMS+klgwyW/FgsgxnceiO2/up7rslmafYdAgABiSdGiPiQ==",
      "dependencies": {
        "ste-core": "^3.0.8"
      },
      "engines": {
        "node": ">=4.2.4"
      }
    },
    "node_modules/ste-promise-simple-events": {
      "version": "3.0.8",
      "resolved": "https://registry.npmjs.org/ste-promise-simple-events/-/ste-promise-simple-events-3.0.8.tgz",
      "integrity": "sha512-Mm1ReeyrIFrQxUbE4tAiHDTuNklvYHdNTvtcLqkS7f4zkdm/FvEyeU4bBispIqqirQCnJiJwL8jqMqPadMIevA==",
      "dependencies": {
        "ste-core": "^3.0.8"
      },
      "engines": {
        "node": ">=4.2.4"
      }
    },
    "node_modules/ste-signals": {
      "version": "3.0.8",
      "resolved": "https://registry.npmjs.org/ste-signals/-/ste-signals-3.0.8.tgz",
      "integrity": "sha512-twKjMGO4WOn3f3kIEjMytZnRGgJcknuTomXehW9tR2TO7YwLPKyOEOtszIKUPRr2IxocnDfJOKTAyJ1JuaDaaw==",
      "dependencies": {
        "ste-core": "^3.0.8"
      },
      "engines": {
        "node": ">=4.2.4"
      }
    },
    "node_modules/ste-simple-events": {
      "version": "3.0.8",
      "resolved": "https://registry.npmjs.org/ste-simple-events/-/ste-simple-events-3.0.8.tgz",
      "integrity": "sha512-uGRMD2LTSluIyfkjJZv4YEK/nfyWLhwB5LyxBGAP2Azk8spLRD0ehRV0mA/zTtInIVzhB0DxMEeDjHJoSruFYQ==",
      "dependencies": {
        "ste-core": "^3.0.8"
      },
      "engines": {
        "node": ">=4.2.4"
      }
    },
    "node_modules/strongly-typed-events": {
      "version": "3.0.8",
      "resolved": "https://registry.npmjs.org/strongly-typed-events/-/strongly-typed-events-3.0.8.tgz",
      "integrity": "sha512-Fnq+y1ON2CFSdXneZTRw8i7hRJ+DG8uAyxO2TpUE/N39H5xcgSvAET1W6Y3JCsw4tQgHcwGF6q5oCsEq+m07iA==",
      "dependencies": {
        "ste-core": "^3.0.8",
        "ste-events": "^3.0.8",
        "ste-promise-events": "^3.0.8",
        "ste-promise-signals": "^3.0.8",
        "ste-promise-simple-events": "^3.0.8",
        "ste-signals": "^3.0.8",
        "ste-simple-events": "^3.0.8"
      },
      "engines": {
        "node": ">=4.2.4"
      }
    },
    "node_modules/ws": {
      "version": "8.12.0",
      "resolved": "https://registry.npmjs.org/ws/-/ws-8.12.0.tgz",
      "integrity": "sha512-kU62emKIdKVeEIOIKVegvqpXMSTAMLJozpHZaJNDYqBjzlSYXQGviYwN1osDLJ9av68qHd4a2oSjd7yD4pacig==",
      "engines": {
        "node": ">=10.0.0"
      },
      "peerDependencies": {
        "bufferutil": "^4.0.1",
        "utf-8-validate": ">=5.0.2"
      },
      "peerDependenciesMeta": {
        "bufferutil": {
          "optional": true
        },
        "utf-8-validate": {
          "optional": true
        }
      }
    }
  },
  "dependencies": {
    "osc-js": {
      "version": "2.4.0",
      "resolved": "https://registry.npmjs.org/osc-js/-/osc-js-2.4.0.tgz",
      "integrity": "sha512-9cvB8m6zt/iCsmeDdFJaD4mjC8preB1Gio+NVmjT0S3qxiejTfJ8vGudyTQciL9yqQHEuINNYS5Kb94+Ceqekg==",
      "requires": {
        "ws": "^8.9.0"
      }
    },
    "ste-core": {
      "version": "3.0.8",
      "resolved": "https://registry.npmjs.org/ste-core/-/ste-core-3.0.8.tgz",
      "integrity": "sha512-OnJfg9CvvZw1kX64sNOTw9UwgygH/29e96ZKQudBMmmxsQvYSFxlYZXDov++agkOFx7KLDaII9J1LrvTZjPikA=="
    },
    "ste-events": {
      "version": "3.0.8",
      "resolved": "https://registry.npmjs.org/ste-events/-/ste-events-3.0.8.tgz",
      "integrity": "sha512-ghTMQaJ2ZudE7LItj+hcq3xn2RVF1047nTkkrsue5pEJNGEVXdnNWwWWGhmXc8eV6QgvuQFT/BKHCa3RPETHmA==",
      "requires": {
        "ste-core": "^3.0.8"
      }
    },
    "ste-promise-events": {
      "version": "3.0.8",
      "resolved": "https://registry.npmjs.org/ste-promise-events/-/ste-promise-events-3.0.8.tgz",
      "integrity": "sha512-R3YOBv4yGFWcLs5tjI8nqe4irroZSmUNQufLGsNTX2rCi20N5DKqT3VYjlS1E94CZkaHg22WoVj+ZaGkNRpErg==",
      "requires": {
        "ste-core": "^3.0.8"
      }
    },
    "ste-promise-signals": {
      "version": "3.0.8",
      "resolved": "https://registry.npmjs.org/ste-promise-signals/-/ste-promise-signals-3.0.8.tgz",
      "integrity": "sha512-iUoJoYUOXrkPcPldxF1tYzpwOyqjyGTqIlUi5WHhXMS+klgwyW/FgsgxnceiO2/up7rslmafYdAgABiSdGiPiQ==",
      "requires": {
        "ste-core": "^3.0.8"
      }
    },
    "ste-promise-simple-events": {
      "version": "3.0.8",
      "resolved": "https://registry.npmjs.org/ste-promise-simple-events/-/ste-promise-simple-events-3.0.8.tgz",
      "integrity": "sha512-Mm1ReeyrIFrQxUbE4tAiHDTuNklvYHdNTvtcLqkS7f4zkdm/FvEyeU4bBispIqqirQCnJiJwL8jqMqPadMIevA==",
      "requires": {
        "ste-core": "^3.0.8"
      }
    },
    "ste-signals": {
      "version": "3.0.8",
      "resolved": "https://registry.npmjs.org/ste-signals/-/ste-signals-3.0.8.tgz",
      "integrity": "sha512-twKjMGO4WOn3f3kIEjMytZnRGgJcknuTomXehW9tR2TO7YwLPKyOEOtszIKUPRr2IxocnDfJOKTAyJ1JuaDaaw==",
      "requires": {
        "ste-core": "^3.0.8"
      }
    },
    "ste-simple-events": {
      "version": "3.0.8",
      "resolved": "https://registry.npmjs.org/ste-simple-events/-/ste-simple-events-3.0.8.tgz",
      "integrity": "sha512-uGRMD2LTSluIyfkjJZv4YEK/nfyWLhwB5LyxBGAP2Azk8spLRD0ehRV0mA/zTtInIVzhB0DxMEeDjHJoSruFYQ==",
      "requires": {
        "ste-core": "^3.0.8"
      }
    },
    "strongly-typed-events": {
      "version": "3.0.8",
      "resolved": "https://registry.npmjs.org/strongly-typed-events/-/strongly-typed-events-3.0.8.tgz",
      "integrity": "sha512-Fnq+y1ON2CFSdXneZTRw8i7hRJ+DG8uAyxO2TpUE/N39H5xcgSvAET1W6Y3JCsw4tQgHcwGF6q5oCsEq+m07iA==",
      "requires": {
        "ste-core": "^3.0.8",
        "ste-events": "^3.0.8",
        "ste-promise-events": "^3.0.8",
        "ste-promise-signals": "^3.0.8",
        "ste-promise-simple-events": "^3.0.8",
        "ste-signals": "^3.0.8",
        "ste-simple-events": "^3.0.8"
      }
    },
    "ws": {
      "version": "8.12.0",
      "resolved": "https://registry.npmjs.org/ws/-/ws-8.12.0.tgz",
      "integrity": "sha512-kU62emKIdKVeEIOIKVegvqpXMSTAMLJozpHZaJNDYqBjzlSYXQGviYwN1osDLJ9av68qHd4a2oSjd7yD4pacig==",
      "requires": {}
    }
  }
}
